
Microsoft Visual Studio Solution File, Format Version 12.00
# Visual Studio Version 16
VisualStudioVersion = 16.0.30204.135
MinimumVisualStudioVersion = 10.0.40219.1
Project("{FAE04EC0-301F-11D3-BF4B-00C04F79EFBC}") = "Stiralka", "Stiralka.csproj", "{FA733BF4-DC3D-490A-AB85-066502A67BD7}"
EndProject
Global
	GlobalSection(SolutionConfigurationPlatforms) = preSolution
		Debug|Any CPU = Debug|Any CPU
		Release|Any CPU = Release|Any CPU
	EndGlobalSection
	GlobalSection(ProjectConfigurationPlatforms) = postSolution
		{FA733BF4-DC3D-490A-AB85-066502A67BD7}.Debug|Any CPU.ActiveCfg = Debug|Any CPU
		{FA733BF4-DC3D-490A-AB85-066502A67BD7}.Debug|Any CPU.Build.0 = Debug|Any CPU
		{FA733BF4-DC3D-490A-AB85-066502A67BD7}.Release|Any CPU.ActiveCfg = Release|Any CPU
		{FA733BF4-DC3D-490A-AB85-066502A67BD7}.Release|Any CPU.Build.0 = Release|Any CPU
	EndGlobalSection
	GlobalSection(SolutionProperties) = preSolution
		HideSolutionNode = FALSE
	EndGlobalSection
	GlobalSection(ExtensibilityGlobals) = postSolution
		SolutionGuid = {32D8482E-1F0B-4100-AD6C-87576B783243}
	EndGlobalSection
EndGlobal
